
Microsoft Visual Studio Solution File, Format Version 12.00
# Visual Studio Version 17
VisualStudioVersion = 17.0.31903.59
MinimumVisualStudioVersion = 10.0.40219.1
Project("{2150E333-8FDC-42A3-9474-1A3956D46DE8}") = "src", "src", "{8E35895F-DDE1-4FFE-B643-CCBD4F0C95FD}"
EndProject
Project("{9A19103F-16F7-4668-BE54-9A1E7A4F7556}") = "EventBus", "src\EventBus\EventBus.csproj", "{22CC237E-5EF9-43A9-8DE9-B45D464E73DC}"
EndProject
Project("{9A19103F-16F7-4668-BE54-9A1E7A4F7556}") = "EventBusRabbitMQ", "src\EventBusRabbitMQ\EventBusRabbitMQ.csproj", "{6FCB1DB9-BFC5-42ED-B481-23C7FABBCCF6}"
EndProject
Project("{9A19103F-16F7-4668-BE54-9A1E7A4F7556}") = "Projects.API", "src\Projects.API\Projects.API.csproj", "{12F13A1D-4D29-4E54-9EAA-52F5DEF3C5E8}"
EndProject
Project("{9A19103F-16F7-4668-BE54-9A1E7A4F7556}") = "Estimation.API", "src\Estimation.API\Estimation.API.csproj", "{FFCC0EE9-6500-4C6E-B782-64E766463E7F}"
EndProject
Global
	GlobalSection(SolutionConfigurationPlatforms) = preSolution
		Debug|Any CPU = Debug|Any CPU
		Debug|x64 = Debug|x64
		Debug|x86 = Debug|x86
		Release|Any CPU = Release|Any CPU
		Release|x64 = Release|x64
		Release|x86 = Release|x86
	EndGlobalSection
	GlobalSection(ProjectConfigurationPlatforms) = postSolution
		{22CC237E-5EF9-43A9-8DE9-B45D464E73DC}.Debug|Any CPU.ActiveCfg = Debug|Any CPU
		{22CC237E-5EF9-43A9-8DE9-B45D464E73DC}.Debug|Any CPU.Build.0 = Debug|Any CPU
		{22CC237E-5EF9-43A9-8DE9-B45D464E73DC}.Debug|x64.ActiveCfg = Debug|Any CPU
		{22CC237E-5EF9-43A9-8DE9-B45D464E73DC}.Debug|x64.Build.0 = Debug|Any CPU
		{22CC237E-5EF9-43A9-8DE9-B45D464E73DC}.Debug|x86.ActiveCfg = Debug|Any CPU
		{22CC237E-5EF9-43A9-8DE9-B45D464E73DC}.Debug|x86.Build.0 = Debug|Any CPU
		{22CC237E-5EF9-43A9-8DE9-B45D464E73DC}.Release|Any CPU.ActiveCfg = Release|Any CPU
		{22CC237E-5EF9-43A9-8DE9-B45D464E73DC}.Release|Any CPU.Build.0 = Release|Any CPU
		{22CC237E-5EF9-43A9-8DE9-B45D464E73DC}.Release|x64.ActiveCfg = Release|Any CPU
		{22CC237E-5EF9-43A9-8DE9-B45D464E73DC}.Release|x64.Build.0 = Release|Any CPU
		{22CC237E-5EF9-43A9-8DE9-B45D464E73DC}.Release|x86.ActiveCfg = Release|Any CPU
		{22CC237E-5EF9-43A9-8DE9-B45D464E73DC}.Release|x86.Build.0 = Release|Any CPU
		{6FCB1DB9-BFC5-42ED-B481-23C7FABBCCF6}.Debug|Any CPU.ActiveCfg = Debug|Any CPU
		{6FCB1DB9-BFC5-42ED-B481-23C7FABBCCF6}.Debug|Any CPU.Build.0 = Debug|Any CPU
		{6FCB1DB9-BFC5-42ED-B481-23C7FABBCCF6}.Debug|x64.ActiveCfg = Debug|Any CPU
		{6FCB1DB9-BFC5-42ED-B481-23C7FABBCCF6}.Debug|x64.Build.0 = Debug|Any CPU
		{6FCB1DB9-BFC5-42ED-B481-23C7FABBCCF6}.Debug|x86.ActiveCfg = Debug|Any CPU
		{6FCB1DB9-BFC5-42ED-B481-23C7FABBCCF6}.Debug|x86.Build.0 = Debug|Any CPU
		{6FCB1DB9-BFC5-42ED-B481-23C7FABBCCF6}.Release|Any CPU.ActiveCfg = Release|Any CPU
		{6FCB1DB9-BFC5-42ED-B481-23C7FABBCCF6}.Release|Any CPU.Build.0 = Release|Any CPU
		{6FCB1DB9-BFC5-42ED-B481-23C7FABBCCF6}.Release|x64.ActiveCfg = Release|Any CPU
		{6FCB1DB9-BFC5-42ED-B481-23C7FABBCCF6}.Release|x64.Build.0 = Release|Any CPU
		{6FCB1DB9-BFC5-42ED-B481-23C7FABBCCF6}.Release|x86.ActiveCfg = Release|Any CPU
		{6FCB1DB9-BFC5-42ED-B481-23C7FABBCCF6}.Release|x86.Build.0 = Release|Any CPU
		{12F13A1D-4D29-4E54-9EAA-52F5DEF3C5E8}.Debug|Any CPU.ActiveCfg = Debug|Any CPU
		{12F13A1D-4D29-4E54-9EAA-52F5DEF3C5E8}.Debug|Any CPU.Build.0 = Debug|Any CPU
		{12F13A1D-4D29-4E54-9EAA-52F5DEF3C5E8}.Debug|x64.ActiveCfg = Debug|Any CPU
		{12F13A1D-4D29-4E54-9EAA-52F5DEF3C5E8}.Debug|x64.Build.0 = Debug|Any CPU
		{12F13A1D-4D29-4E54-9EAA-52F5DEF3C5E8}.Debug|x86.ActiveCfg = Debug|Any CPU
		{12F13A1D-4D29-4E54-9EAA-52F5DEF3C5E8}.Debug|x86.Build.0 = Debug|Any CPU
		{12F13A1D-4D29-4E54-9EAA-52F5DEF3C5E8}.Release|Any CPU.ActiveCfg = Release|Any CPU
		{12F13A1D-4D29-4E54-9EAA-52F5DEF3C5E8}.Release|Any CPU.Build.0 = Release|Any CPU
		{12F13A1D-4D29-4E54-9EAA-52F5DEF3C5E8}.Release|x64.ActiveCfg = Release|Any CPU
		{12F13A1D-4D29-4E54-9EAA-52F5DEF3C5E8}.Release|x64.Build.0 = Release|Any CPU
		{12F13A1D-4D29-4E54-9EAA-52F5DEF3C5E8}.Release|x86.ActiveCfg = Release|Any CPU
		{12F13A1D-4D29-4E54-9EAA-52F5DEF3C5E8}.Release|x86.Build.0 = Release|Any CPU
		{FFCC0EE9-6500-4C6E-B782-64E766463E7F}.Debug|Any CPU.ActiveCfg = Debug|Any CPU
		{FFCC0EE9-6500-4C6E-B782-64E766463E7F}.Debug|Any CPU.Build.0 = Debug|Any CPU
		{FFCC0EE9-6500-4C6E-B782-64E766463E7F}.Debug|x64.ActiveCfg = Debug|Any CPU
		{FFCC0EE9-6500-4C6E-B782-64E766463E7F}.Debug|x64.Build.0 = Debug|Any CPU
		{FFCC0EE9-6500-4C6E-B782-64E766463E7F}.Debug|x86.ActiveCfg = Debug|Any CPU
		{FFCC0EE9-6500-4C6E-B782-64E766463E7F}.Debug|x86.Build.0 = Debug|Any CPU
		{FFCC0EE9-6500-4C6E-B782-64E766463E7F}.Release|Any CPU.ActiveCfg = Release|Any CPU
		{FFCC0EE9-6500-4C6E-B782-64E766463E7F}.Release|Any CPU.Build.0 = Release|Any CPU
		{FFCC0EE9-6500-4C6E-B782-64E766463E7F}.Release|x64.ActiveCfg = Release|Any CPU
		{FFCC0EE9-6500-4C6E-B782-64E766463E7F}.Release|x64.Build.0 = Release|Any CPU
		{FFCC0EE9-6500-4C6E-B782-64E766463E7F}.Release|x86.ActiveCfg = Release|Any CPU
		{FFCC0EE9-6500-4C6E-B782-64E766463E7F}.Release|x86.Build.0 = Release|Any CPU
	EndGlobalSection
	GlobalSection(SolutionProperties) = preSolution
		HideSolutionNode = FALSE
	EndGlobalSection
	GlobalSection(NestedProjects) = preSolution
		{22CC237E-5EF9-43A9-8DE9-B45D464E73DC} = {8E35895F-DDE1-4FFE-B643-CCBD4F0C95FD}
		{6FCB1DB9-BFC5-42ED-B481-23C7FABBCCF6} = {8E35895F-DDE1-4FFE-B643-CCBD4F0C95FD}
		{12F13A1D-4D29-4E54-9EAA-52F5DEF3C5E8} = {8E35895F-DDE1-4FFE-B643-CCBD4F0C95FD}
		{FFCC0EE9-6500-4C6E-B782-64E766463E7F} = {8E35895F-DDE1-4FFE-B643-CCBD4F0C95FD}
	EndGlobalSection
	GlobalSection(ExtensibilityGlobals) = postSolution
		SolutionGuid = {192F67F6-D331-4FCA-B8C6-75D99E0657C3}
	EndGlobalSection
EndGlobal
